
Microsoft Visual Studio Solution File, Format Version 12.00
# Visual Studio Version 16
VisualStudioVersion = 16.0.30621.155
MinimumVisualStudioVersion = 10.0.40219.1
Project("{9A19103F-16F7-4668-BE54-9A1E7A4F7556}") = "EvilInfo", "EvilInfo\EvilInfo.csproj", "{21A8E199-F175-4A79-922C-B1791C02959C}"
EndProject
Project("{9A19103F-16F7-4668-BE54-9A1E7A4F7556}") = "EvilInfo.Services", "EvilInfo.Services\EvilInfo.Services.csproj", "{A337DDD8-21ED-4CE0-BCFC-468154747937}"
EndProject
Project("{FAE04EC0-301F-11D3-BF4B-00C04F79EFBC}") = "EvilInfo.Test", "EvilInfo.Test\EvilInfo.Test.csproj", "{ACE82B79-FA24-4201-B44D-3E0A0289C380}"
EndProject
Global
	GlobalSection(SolutionConfigurationPlatforms) = preSolution
		Debug|Any CPU = Debug|Any CPU
		Release|Any CPU = Release|Any CPU
	EndGlobalSection
	GlobalSection(ProjectConfigurationPlatforms) = postSolution
		{21A8E199-F175-4A79-922C-B1791C02959C}.Debug|Any CPU.ActiveCfg = Debug|Any CPU
		{21A8E199-F175-4A79-922C-B1791C02959C}.Debug|Any CPU.Build.0 = Debug|Any CPU
		{21A8E199-F175-4A79-922C-B1791C02959C}.Release|Any CPU.ActiveCfg = Release|Any CPU
		{21A8E199-F175-4A79-922C-B1791C02959C}.Release|Any CPU.Build.0 = Release|Any CPU
		{A337DDD8-21ED-4CE0-BCFC-468154747937}.Debug|Any CPU.ActiveCfg = Debug|Any CPU
		{A337DDD8-21ED-4CE0-BCFC-468154747937}.Debug|Any CPU.Build.0 = Debug|Any CPU
		{A337DDD8-21ED-4CE0-BCFC-468154747937}.Release|Any CPU.ActiveCfg = Release|Any CPU
		{A337DDD8-21ED-4CE0-BCFC-468154747937}.Release|Any CPU.Build.0 = Release|Any CPU
		{ACE82B79-FA24-4201-B44D-3E0A0289C380}.Debug|Any CPU.ActiveCfg = Debug|Any CPU
		{ACE82B79-FA24-4201-B44D-3E0A0289C380}.Debug|Any CPU.Build.0 = Debug|Any CPU
		{ACE82B79-FA24-4201-B44D-3E0A0289C380}.Release|Any CPU.ActiveCfg = Release|Any CPU
		{ACE82B79-FA24-4201-B44D-3E0A0289C380}.Release|Any CPU.Build.0 = Release|Any CPU
	EndGlobalSection
	GlobalSection(SolutionProperties) = preSolution
		HideSolutionNode = FALSE
	EndGlobalSection
	GlobalSection(ExtensibilityGlobals) = postSolution
		SolutionGuid = {8E2166CA-A3B4-4154-B409-504AC8561A59}
	EndGlobalSection
EndGlobal
